
Microsoft Visual Studio Solution File, Format Version 12.00
# Visual Studio Version 16
VisualStudioVersion = 16.0.29806.167
MinimumVisualStudioVersion = 10.0.40219.1
Project("{FAE04EC0-301F-11D3-BF4B-00C04F79EFBC}") = "GuessMyNumber_Bisection", "GuessMyNumber_Bisection.csproj", "{AD35B4D2-5D1D-4CD8-955E-70ECB9633813}"
EndProject
Global
	GlobalSection(SolutionConfigurationPlatforms) = preSolution
		Debug|Any CPU = Debug|Any CPU
		Release|Any CPU = Release|Any CPU
	EndGlobalSection
	GlobalSection(ProjectConfigurationPlatforms) = postSolution
		{AD35B4D2-5D1D-4CD8-955E-70ECB9633813}.Debug|Any CPU.ActiveCfg = Debug|Any CPU
		{AD35B4D2-5D1D-4CD8-955E-70ECB9633813}.Debug|Any CPU.Build.0 = Debug|Any CPU
		{AD35B4D2-5D1D-4CD8-955E-70ECB9633813}.Release|Any CPU.ActiveCfg = Release|Any CPU
		{AD35B4D2-5D1D-4CD8-955E-70ECB9633813}.Release|Any CPU.Build.0 = Release|Any CPU
	EndGlobalSection
	GlobalSection(SolutionProperties) = preSolution
		HideSolutionNode = FALSE
	EndGlobalSection
	GlobalSection(ExtensibilityGlobals) = postSolution
		SolutionGuid = {8FF1CE12-9995-470D-9B95-4204815E61A5}
	EndGlobalSection
EndGlobal
